
Microsoft Visual Studio Solution File, Format Version 12.00
# Visual Studio Version 17
VisualStudioVersion = 17.7.34202.233
MinimumVisualStudioVersion = 10.0.40219.1
Project("{FAE04EC0-301F-11D3-BF4B-00C04F79EFBC}") = "Task_1", "Task_1\Task_1.csproj", "{9628CF01-F221-4793-ACBF-C202AD659E52}"
EndProject
Project("{FAE04EC0-301F-11D3-BF4B-00C04F79EFBC}") = "Task2", "Task2\Task2.csproj", "{8724D632-7E07-4D65-93E3-A56A66CCFD87}"
EndProject
Project("{9A19103F-16F7-4668-BE54-9A1E7A4F7556}") = "Task3", "Task3\Task3.csproj", "{D7D4C43F-4EE2-4F8F-A683-BA94DBBB516F}"
EndProject
Project("{FAE04EC0-301F-11D3-BF4B-00C04F79EFBC}") = "Task4", "Task4\Task4.csproj", "{21E9856A-D1CC-4EAF-A67C-BFBC0878D65E}"
EndProject
Project("{FAE04EC0-301F-11D3-BF4B-00C04F79EFBC}") = "Task5", "Task5\Task5.csproj", "{231057CD-7F86-4C04-AA14-CDB8388280D0}"
EndProject
Project("{FAE04EC0-301F-11D3-BF4B-00C04F79EFBC}") = "Task6", "Task6\Task6.csproj", "{D7A4EEFB-E545-45CB-9FF6-711F3C3E25C7}"
EndProject
Project("{FAE04EC0-301F-11D3-BF4B-00C04F79EFBC}") = "Task7", "Task7\Task7.csproj", "{0E1FCF46-D9ED-4F6F-A81D-3C995C5E718B}"
EndProject
Project("{FAE04EC0-301F-11D3-BF4B-00C04F79EFBC}") = "Task8", "Task8\Task8.csproj", "{AC0B6728-735C-443C-802C-FFF07439BFA2}"
EndProject
Project("{FAE04EC0-301F-11D3-BF4B-00C04F79EFBC}") = "Task9", "Task9\Task9.csproj", "{CD67D3CC-021E-4E77-BBAF-13F7051B123F}"
EndProject
Project("{FAE04EC0-301F-11D3-BF4B-00C04F79EFBC}") = "Task11", "Task10\Task11.csproj", "{74C820EA-303A-4EB9-8949-24BA38F4B990}"
EndProject
Project("{FAE04EC0-301F-11D3-BF4B-00C04F79EFBC}") = "Taskx10", "Taskx10\Taskx10.csproj", "{562AF6C2-6075-4713-9EF9-AF368C120D66}"
EndProject
Project("{FAE04EC0-301F-11D3-BF4B-00C04F79EFBC}") = "Taskx12", "Taskx12\Taskx12.csproj", "{4447E7F9-6678-44D0-B28C-E9368104F488}"
EndProject
Project("{FAE04EC0-301F-11D3-BF4B-00C04F79EFBC}") = "Taskx13", "Taskx13\Taskx13.csproj", "{57EAF1FE-1416-4796-9BEC-EE8621697A14}"
EndProject
Project("{FAE04EC0-301F-11D3-BF4B-00C04F79EFBC}") = "Taskx14", "Taskx14\Taskx14.csproj", "{49FBCE88-20C8-4708-BD53-BDA7F3243731}"
EndProject
Project("{FAE04EC0-301F-11D3-BF4B-00C04F79EFBC}") = "Taskx15", "Task15\Taskx15.csproj", "{37BBE6BA-3C49-4F0B-AF0D-E41B38173CCC}"
EndProject
Project("{FAE04EC0-301F-11D3-BF4B-00C04F79EFBC}") = "Taskx16", "Taskx16\Taskx16.csproj", "{6300F94A-1BCD-404B-BE83-902F5262FF58}"
EndProject
Global
	GlobalSection(SolutionConfigurationPlatforms) = preSolution
		Debug|Any CPU = Debug|Any CPU
		Release|Any CPU = Release|Any CPU
	EndGlobalSection
	GlobalSection(ProjectConfigurationPlatforms) = postSolution
		{9628CF01-F221-4793-ACBF-C202AD659E52}.Debug|Any CPU.ActiveCfg = Debug|Any CPU
		{9628CF01-F221-4793-ACBF-C202AD659E52}.Debug|Any CPU.Build.0 = Debug|Any CPU
		{9628CF01-F221-4793-ACBF-C202AD659E52}.Release|Any CPU.ActiveCfg = Release|Any CPU
		{9628CF01-F221-4793-ACBF-C202AD659E52}.Release|Any CPU.Build.0 = Release|Any CPU
		{8724D632-7E07-4D65-93E3-A56A66CCFD87}.Debug|Any CPU.ActiveCfg = Debug|Any CPU
		{8724D632-7E07-4D65-93E3-A56A66CCFD87}.Debug|Any CPU.Build.0 = Debug|Any CPU
		{8724D632-7E07-4D65-93E3-A56A66CCFD87}.Release|Any CPU.ActiveCfg = Release|Any CPU
		{8724D632-7E07-4D65-93E3-A56A66CCFD87}.Release|Any CPU.Build.0 = Release|Any CPU
		{D7D4C43F-4EE2-4F8F-A683-BA94DBBB516F}.Debug|Any CPU.ActiveCfg = Debug|Any CPU
		{D7D4C43F-4EE2-4F8F-A683-BA94DBBB516F}.Debug|Any CPU.Build.0 = Debug|Any CPU
		{D7D4C43F-4EE2-4F8F-A683-BA94DBBB516F}.Release|Any CPU.ActiveCfg = Release|Any CPU
		{D7D4C43F-4EE2-4F8F-A683-BA94DBBB516F}.Release|Any CPU.Build.0 = Release|Any CPU
		{21E9856A-D1CC-4EAF-A67C-BFBC0878D65E}.Debug|Any CPU.ActiveCfg = Debug|Any CPU
		{21E9856A-D1CC-4EAF-A67C-BFBC0878D65E}.Debug|Any CPU.Build.0 = Debug|Any CPU
		{21E9856A-D1CC-4EAF-A67C-BFBC0878D65E}.Release|Any CPU.ActiveCfg = Release|Any CPU
		{21E9856A-D1CC-4EAF-A67C-BFBC0878D65E}.Release|Any CPU.Build.0 = Release|Any CPU
		{231057CD-7F86-4C04-AA14-CDB8388280D0}.Debug|Any CPU.ActiveCfg = Debug|Any CPU
		{231057CD-7F86-4C04-AA14-CDB8388280D0}.Debug|Any CPU.Build.0 = Debug|Any CPU
		{231057CD-7F86-4C04-AA14-CDB8388280D0}.Release|Any CPU.ActiveCfg = Release|Any CPU
		{231057CD-7F86-4C04-AA14-CDB8388280D0}.Release|Any CPU.Build.0 = Release|Any CPU
		{D7A4EEFB-E545-45CB-9FF6-711F3C3E25C7}.Debug|Any CPU.ActiveCfg = Debug|Any CPU
		{D7A4EEFB-E545-45CB-9FF6-711F3C3E25C7}.Debug|Any CPU.Build.0 = Debug|Any CPU
		{D7A4EEFB-E545-45CB-9FF6-711F3C3E25C7}.Release|Any CPU.ActiveCfg = Release|Any CPU
		{D7A4EEFB-E545-45CB-9FF6-711F3C3E25C7}.Release|Any CPU.Build.0 = Release|Any CPU
		{0E1FCF46-D9ED-4F6F-A81D-3C995C5E718B}.Debug|Any CPU.ActiveCfg = Debug|Any CPU
		{0E1FCF46-D9ED-4F6F-A81D-3C995C5E718B}.Debug|Any CPU.Build.0 = Debug|Any CPU
		{0E1FCF46-D9ED-4F6F-A81D-3C995C5E718B}.Release|Any CPU.ActiveCfg = Release|Any CPU
		{0E1FCF46-D9ED-4F6F-A81D-3C995C5E718B}.Release|Any CPU.Build.0 = Release|Any CPU
		{AC0B6728-735C-443C-802C-FFF07439BFA2}.Debug|Any CPU.ActiveCfg = Debug|Any CPU
		{AC0B6728-735C-443C-802C-FFF07439BFA2}.Debug|Any CPU.Build.0 = Debug|Any CPU
		{AC0B6728-735C-443C-802C-FFF07439BFA2}.Release|Any CPU.ActiveCfg = Release|Any CPU
		{AC0B6728-735C-443C-802C-FFF07439BFA2}.Release|Any CPU.Build.0 = Release|Any CPU
		{CD67D3CC-021E-4E77-BBAF-13F7051B123F}.Debug|Any CPU.ActiveCfg = Debug|Any CPU
		{CD67D3CC-021E-4E77-BBAF-13F7051B123F}.Debug|Any CPU.Build.0 = Debug|Any CPU
		{CD67D3CC-021E-4E77-BBAF-13F7051B123F}.Release|Any CPU.ActiveCfg = Release|Any CPU
		{CD67D3CC-021E-4E77-BBAF-13F7051B123F}.Release|Any CPU.Build.0 = Release|Any CPU
		{74C820EA-303A-4EB9-8949-24BA38F4B990}.Debug|Any CPU.ActiveCfg = Debug|Any CPU
		{74C820EA-303A-4EB9-8949-24BA38F4B990}.Debug|Any CPU.Build.0 = Debug|Any CPU
		{74C820EA-303A-4EB9-8949-24BA38F4B990}.Release|Any CPU.ActiveCfg = Release|Any CPU
		{74C820EA-303A-4EB9-8949-24BA38F4B990}.Release|Any CPU.Build.0 = Release|Any CPU
		{562AF6C2-6075-4713-9EF9-AF368C120D66}.Debug|Any CPU.ActiveCfg = Debug|Any CPU
		{562AF6C2-6075-4713-9EF9-AF368C120D66}.Debug|Any CPU.Build.0 = Debug|Any CPU
		{562AF6C2-6075-4713-9EF9-AF368C120D66}.Release|Any CPU.ActiveCfg = Release|Any CPU
		{562AF6C2-6075-4713-9EF9-AF368C120D66}.Release|Any CPU.Build.0 = Release|Any CPU
		{4447E7F9-6678-44D0-B28C-E9368104F488}.Debug|Any CPU.ActiveCfg = Debug|Any CPU
		{4447E7F9-6678-44D0-B28C-E9368104F488}.Debug|Any CPU.Build.0 = Debug|Any CPU
		{4447E7F9-6678-44D0-B28C-E9368104F488}.Release|Any CPU.ActiveCfg = Release|Any CPU
		{4447E7F9-6678-44D0-B28C-E9368104F488}.Release|Any CPU.Build.0 = Release|Any CPU
		{57EAF1FE-1416-4796-9BEC-EE8621697A14}.Debug|Any CPU.ActiveCfg = Debug|Any CPU
		{57EAF1FE-1416-4796-9BEC-EE8621697A14}.Debug|Any CPU.Build.0 = Debug|Any CPU
		{57EAF1FE-1416-4796-9BEC-EE8621697A14}.Release|Any CPU.ActiveCfg = Release|Any CPU
		{57EAF1FE-1416-4796-9BEC-EE8621697A14}.Release|Any CPU.Build.0 = Release|Any CPU
		{49FBCE88-20C8-4708-BD53-BDA7F3243731}.Debug|Any CPU.ActiveCfg = Debug|Any CPU
		{49FBCE88-20C8-4708-BD53-BDA7F3243731}.Debug|Any CPU.Build.0 = Debug|Any CPU
		{49FBCE88-20C8-4708-BD53-BDA7F3243731}.Release|Any CPU.ActiveCfg = Release|Any CPU
		{49FBCE88-20C8-4708-BD53-BDA7F3243731}.Release|Any CPU.Build.0 = Release|Any CPU
		{37BBE6BA-3C49-4F0B-AF0D-E41B38173CCC}.Debug|Any CPU.ActiveCfg = Debug|Any CPU
		{37BBE6BA-3C49-4F0B-AF0D-E41B38173CCC}.Debug|Any CPU.Build.0 = Debug|Any CPU
		{37BBE6BA-3C49-4F0B-AF0D-E41B38173CCC}.Release|Any CPU.ActiveCfg = Release|Any CPU
		{37BBE6BA-3C49-4F0B-AF0D-E41B38173CCC}.Release|Any CPU.Build.0 = Release|Any CPU
		{6300F94A-1BCD-404B-BE83-902F5262FF58}.Debug|Any CPU.ActiveCfg = Debug|Any CPU
		{6300F94A-1BCD-404B-BE83-902F5262FF58}.Debug|Any CPU.Build.0 = Debug|Any CPU
		{6300F94A-1BCD-404B-BE83-902F5262FF58}.Release|Any CPU.ActiveCfg = Release|Any CPU
		{6300F94A-1BCD-404B-BE83-902F5262FF58}.Release|Any CPU.Build.0 = Release|Any CPU
	EndGlobalSection
	GlobalSection(SolutionProperties) = preSolution
		HideSolutionNode = FALSE
	EndGlobalSection
	GlobalSection(ExtensibilityGlobals) = postSolution
		SolutionGuid = {D6C7E67F-2C56-49BD-8154-42217FF7A0B2}
	EndGlobalSection
EndGlobal
